github.com/kirillrdy/web v0.0.0-20170502231629-1dc2c13cfa99 h1:KWHoU3aL75kf8w057+tw3Mzir1wI/4gnLt5P2plHGxs=
github.com/kirillrdy/web v0.0.0-20170502231629-1dc2c13cfa99/go.mod h1:qS/c7oVi7Z8FAjYuo24p/dyFL13Db3MYJbr04U3uC3k=
github.com/sparkymat/webdsl v0.0.0-20170731094902-c07b606d85cc h1:bCAaD4QvuDZSDByEizTEF9HxL5I839reoeXMzyeKrqM=
github.com/sparkymat/webdsl v0.0.0-20170731094902-c07b606d85cc/go.mod h1:Cf2mt7x2RDG4jlZ1bLlXT9HDftiTa3Zzlhb5LMPyGOY=
golang.org/x/net v0.0.0-20180911220305-26e67e76b6c3 h1:czFLhve3vsQetD6JOJ8NZZvGQIXlnN3/yXxbT6/awxI=
golang.org/x/net v0.0.0-20180911220305-26e67e76b6c3/go.mod h1:mL1N/T3taQHkDXs73rZJwtUhF3w3ftmwwsq0BUmARs4=
